{
  "name": "klas-summarizer",
  "version": "1.0.0",
  "lockfileVersion": 3,
  "requires": true,
  "packages": {
    "": {
      "name": "klas-summarizer",
      "version": "1.0.0",
      "license": "ISC",
      "devDependencies": {
        "mp4box": "^0.5.4"
      }
    },
    "node_modules/mp4box": {
      "version": "0.5.4",
      "resolved": "https://registry.npmjs.org/mp4box/-/mp4box-0.5.4.tgz",
      "integrity": "sha512-GcCH0fySxBurJtvr0dfhz0IxHZjc1RP+F+I8xw+LIwkU1a+7HJx8NCDiww1I5u4Hz6g4eR1JlGADEGJ9r4lSfA==",
      "dev": true,
      "license": "BSD-3-Clause"
    }
  }
}
